
Microsoft Visual Studio Solution File, Format Version 12.00
# Visual Studio Version 17
VisualStudioVersion = 17.5.33627.172
MinimumVisualStudioVersion = 10.0.40219.1
Project("{9A19103F-16F7-4668-BE54-9A1E7A4F7556}") = "Wasrou", "Wasrou\Wasrou.csproj", "{F423BF78-70C7-4D04-82C1-E19B173AA85E}"
EndProject
Project("{FAE04EC0-301F-11D3-BF4B-00C04F79EFBC}") = "Wasrou.Test", "Wasrou.Test\Wasrou.Test.csproj", "{A2A35A03-DB95-4557-B215-57B339FA8450}"
EndProject
Global
	GlobalSection(SolutionConfigurationPlatforms) = preSolution
		Debug|Any CPU = Debug|Any CPU
		Release|Any CPU = Release|Any CPU
	EndGlobalSection
	GlobalSection(ProjectConfigurationPlatforms) = postSolution
		{F423BF78-70C7-4D04-82C1-E19B173AA85E}.Debug|Any CPU.ActiveCfg = Debug|Any CPU
		{F423BF78-70C7-4D04-82C1-E19B173AA85E}.Debug|Any CPU.Build.0 = Debug|Any CPU
		{F423BF78-70C7-4D04-82C1-E19B173AA85E}.Release|Any CPU.ActiveCfg = Release|Any CPU
		{F423BF78-70C7-4D04-82C1-E19B173AA85E}.Release|Any CPU.Build.0 = Release|Any CPU
		{A2A35A03-DB95-4557-B215-57B339FA8450}.Debug|Any CPU.ActiveCfg = Debug|Any CPU
		{A2A35A03-DB95-4557-B215-57B339FA8450}.Debug|Any CPU.Build.0 = Debug|Any CPU
		{A2A35A03-DB95-4557-B215-57B339FA8450}.Release|Any CPU.ActiveCfg = Release|Any CPU
		{A2A35A03-DB95-4557-B215-57B339FA8450}.Release|Any CPU.Build.0 = Release|Any CPU
	EndGlobalSection
	GlobalSection(SolutionProperties) = preSolution
		HideSolutionNode = FALSE
	EndGlobalSection
	GlobalSection(ExtensibilityGlobals) = postSolution
		SolutionGuid = {47CE2472-B08E-4561-ABE3-C040CAB0EB6E}
	EndGlobalSection
EndGlobal
